// !$*UTF8*$!
{
	archiveVersion = 1;
	classes = {
	};
	objectVersion = 56;
	objects = {

/* Begin PBXBuildFile section */
		121805482BFC19CE00A605DD /* EpisodesCVCell.swift in Sources */ = {isa = PBXBuildFile; fileRef = 121805472BFC19CE00A605DD /* EpisodesCVCell.swift */; };
		12B91DAD2BFC010200FAFF2B /* UITextField + leftImage.swift in Sources */ = {isa = PBXBuildFile; fileRef = 12B91DAC2BFC010200FAFF2B /* UITextField + leftImage.swift */; };
		12E0382E2BF69C670019401D /* AppDelegate.swift in Sources */ = {isa = PBXBuildFile; fileRef = 12E0382D2BF69C670019401D /* AppDelegate.swift */; };
		12E038302BF69C670019401D /* SceneDelegate.swift in Sources */ = {isa = PBXBuildFile; fileRef = 12E0382F2BF69C670019401D /* SceneDelegate.swift */; };
		12E038322BF69C670019401D /* SplashController.swift in Sources */ = {isa = PBXBuildFile; fileRef = 12E038312BF69C670019401D /* SplashController.swift */; };
		12E038372BF69C6B0019401D /* Assets.xcassets in Resources */ = {isa = PBXBuildFile; fileRef = 12E038362BF69C6B0019401D /* Assets.xcassets */; };
		12E0383A2BF69C6B0019401D /* LaunchScreen.storyboard in Resources */ = {isa = PBXBuildFile; fileRef = 12E038382BF69C6B0019401D /* LaunchScreen.storyboard */; };
		12EE3A7A2BF7BD4000CAD2EE /* HomeController.swift in Sources */ = {isa = PBXBuildFile; fileRef = 12EE3A792BF7BD4000CAD2EE /* HomeController.swift */; };
		12EE3A7E2BF7E55200CAD2EE /* Coordinator.swift in Sources */ = {isa = PBXBuildFile; fileRef = 12EE3A7D2BF7E55200CAD2EE /* Coordinator.swift */; };
		12EE3A802BF7E57200CAD2EE /* ApplicationCoordinator.swift in Sources */ = {isa = PBXBuildFile; fileRef = 12EE3A7F2BF7E57200CAD2EE /* ApplicationCoordinator.swift */; };
		12EE3A822BF7E62800CAD2EE /* TabBarCoordinator.swift in Sources */ = {isa = PBXBuildFile; fileRef = 12EE3A812BF7E62800CAD2EE /* TabBarCoordinator.swift */; };
		12EE3A842BF7E65200CAD2EE /* EpisodesTabCoordinator.swift in Sources */ = {isa = PBXBuildFile; fileRef = 12EE3A832BF7E65200CAD2EE /* EpisodesTabCoordinator.swift */; };
		12EE3A862BF7E68D00CAD2EE /* FavoriteTabCoordinator.swift in Sources */ = {isa = PBXBuildFile; fileRef = 12EE3A852BF7E68D00CAD2EE /* FavoriteTabCoordinator.swift */; };
		12EE3A892BFB6C2F00CAD2EE /* EpisodesController.swift in Sources */ = {isa = PBXBuildFile; fileRef = 12EE3A882BFB6C2F00CAD2EE /* EpisodesController.swift */; };
		12EE3A8B2BFB6C4600CAD2EE /* EpisodesViewModel.swift in Sources */ = {isa = PBXBuildFile; fileRef = 12EE3A8A2BFB6C4600CAD2EE /* EpisodesViewModel.swift */; };
		12EE3A8D2BFB6C5900CAD2EE /* EpisodesAssembly.swift in Sources */ = {isa = PBXBuildFile; fileRef = 12EE3A8C2BFB6C5900CAD2EE /* EpisodesAssembly.swift */; };
/* End PBXBuildFile section */

/* Begin PBXFileReference section */
		121805472BFC19CE00A605DD /* EpisodesCVCell.swift */ = {isa = PBXFileReference; lastKnownFileType = sourcecode.swift; path = EpisodesCVCell.swift; sourceTree = "<group>"; };
		12B91DAC2BFC010200FAFF2B /* UITextField + leftImage.swift */ = {isa = PBXFileReference; lastKnownFileType = sourcecode.swift; path = "UITextField + leftImage.swift"; sourceTree = "<group>"; };
		12E0382A2BF69C670019401D /* RickAndMortyApp.app */ = {isa = PBXFileReference; explicitFileType = wrapper.application; includeInIndex = 0; path = RickAndMortyApp.app; sourceTree = BUILT_PRODUCTS_DIR; };
		12E0382D2BF69C670019401D /* AppDelegate.swift */ = {isa = PBXFileReference; lastKnownFileType = sourcecode.swift; path = AppDelegate.swift; sourceTree = "<group>"; };
		12E0382F2BF69C670019401D /* SceneDelegate.swift */ = {isa = PBXFileReference; lastKnownFileType = sourcecode.swift; path = SceneDelegate.swift; sourceTree = "<group>"; };
		12E038312BF69C670019401D /* SplashController.swift */ = {isa = PBXFileReference; lastKnownFileType = sourcecode.swift; path = SplashController.swift; sourceTree = "<group>"; };
		12E038362BF69C6B0019401D /* Assets.xcassets */ = {isa = PBXFileReference; lastKnownFileType = folder.assetcatalog; path = Assets.xcassets; sourceTree = "<group>"; };
		12E038392BF69C6B0019401D /* Base */ = {isa = PBXFileReference; lastKnownFileType = file.storyboard; name = Base; path = Base.lproj/LaunchScreen.storyboard; sourceTree = "<group>"; };
		12E0383B2BF69C6B0019401D /* Info.plist */ = {isa = PBXFileReference; lastKnownFileType = text.plist.xml; path = Info.plist; sourceTree = "<group>"; };
		12EE3A792BF7BD4000CAD2EE /* HomeController.swift */ = {isa = PBXFileReference; lastKnownFileType = sourcecode.swift; path = HomeController.swift; sourceTree = "<group>"; };
		12EE3A7D2BF7E55200CAD2EE /* Coordinator.swift */ = {isa = PBXFileReference; lastKnownFileType = sourcecode.swift; path = Coordinator.swift; sourceTree = "<group>"; };
		12EE3A7F2BF7E57200CAD2EE /* ApplicationCoordinator.swift */ = {isa = PBXFileReference; lastKnownFileType = sourcecode.swift; path = ApplicationCoordinator.swift; sourceTree = "<group>"; };
		12EE3A812BF7E62800CAD2EE /* TabBarCoordinator.swift */ = {isa = PBXFileReference; lastKnownFileType = sourcecode.swift; path = TabBarCoordinator.swift; sourceTree = "<group>"; };
		12EE3A832BF7E65200CAD2EE /* EpisodesTabCoordinator.swift */ = {isa = PBXFileReference; lastKnownFileType = sourcecode.swift; path = EpisodesTabCoordinator.swift; sourceTree = "<group>"; };
		12EE3A852BF7E68D00CAD2EE /* FavoriteTabCoordinator.swift */ = {isa = PBXFileReference; lastKnownFileType = sourcecode.swift; path = FavoriteTabCoordinator.swift; sourceTree = "<group>"; };
		12EE3A882BFB6C2F00CAD2EE /* EpisodesController.swift */ = {isa = PBXFileReference; lastKnownFileType = sourcecode.swift; path = EpisodesController.swift; sourceTree = "<group>"; };
		12EE3A8A2BFB6C4600CAD2EE /* EpisodesViewModel.swift */ = {isa = PBXFileReference; lastKnownFileType = sourcecode.swift; path = EpisodesViewModel.swift; sourceTree = "<group>"; };
		12EE3A8C2BFB6C5900CAD2EE /* EpisodesAssembly.swift */ = {isa = PBXFileReference; lastKnownFileType = sourcecode.swift; path = EpisodesAssembly.swift; sourceTree = "<group>"; };
/* End PBXFileReference section */

/* Begin PBXFrameworksBuildPhase section */
		12E038272BF69C670019401D /* Frameworks */ = {
			isa = PBXFrameworksBuildPhase;
			buildActionMask = 2147483647;
			files = (
			);
			runOnlyForDeploymentPostprocessing = 0;
		};
/* End PBXFrameworksBuildPhase section */

/* Begin PBXGroup section */
		121805462BFC19A200A605DD /* Cell */ = {
			isa = PBXGroup;
			children = (
				121805472BFC19CE00A605DD /* EpisodesCVCell.swift */,
			);
			path = Cell;
			sourceTree = "<group>";
		};
		12B91DAE2BFC011200FAFF2B /* Extension */ = {
			isa = PBXGroup;
			children = (
				12B91DAC2BFC010200FAFF2B /* UITextField + leftImage.swift */,
			);
			path = Extension;
			sourceTree = "<group>";
		};
		12B91DAF2BFC012300FAFF2B /* Screen */ = {
			isa = PBXGroup;
			children = (
				12EE3A7B2BF7C1B800CAD2EE /* LaunchAnimation */,
				12EE3A8E2BFB6C5E00CAD2EE /* EpisodesScreen */,
			);
			path = Screen;
			sourceTree = "<group>";
		};
		12E038212BF69C670019401D = {
			isa = PBXGroup;
			children = (
				12E0382C2BF69C670019401D /* RickAndMortyApp */,
				12E0382B2BF69C670019401D /* Products */,
			);
			sourceTree = "<group>";
		};
		12E0382B2BF69C670019401D /* Products */ = {
			isa = PBXGroup;
			children = (
				12E0382A2BF69C670019401D /* RickAndMortyApp.app */,
			);
			name = Products;
			sourceTree = "<group>";
		};
		12E0382C2BF69C670019401D /* RickAndMortyApp */ = {
			isa = PBXGroup;
			children = (
				12EE3A7F2BF7E57200CAD2EE /* ApplicationCoordinator.swift */,
				12EE3A872BF7E6AE00CAD2EE /* Coordinator */,
				12EE3A7C2BF7E54000CAD2EE /* Protocol */,
				12B91DAF2BFC012300FAFF2B /* Screen */,
				12B91DAE2BFC011200FAFF2B /* Extension */,
				12EE3A792BF7BD4000CAD2EE /* HomeController.swift */,
				12E038362BF69C6B0019401D /* Assets.xcassets */,
				12E0382D2BF69C670019401D /* AppDelegate.swift */,
				12E0382F2BF69C670019401D /* SceneDelegate.swift */,
				12E0383B2BF69C6B0019401D /* Info.plist */,
			);
			path = RickAndMortyApp;
			sourceTree = "<group>";
		};
		12EE3A7B2BF7C1B800CAD2EE /* LaunchAnimation */ = {
			isa = PBXGroup;
			children = (
				12E038312BF69C670019401D /* SplashController.swift */,
				12E038382BF69C6B0019401D /* LaunchScreen.storyboard */,
			);
			path = LaunchAnimation;
			sourceTree = "<group>";
		};
		12EE3A7C2BF7E54000CAD2EE /* Protocol */ = {
			isa = PBXGroup;
			children = (
				12EE3A7D2BF7E55200CAD2EE /* Coordinator.swift */,
			);
			path = Protocol;
			sourceTree = "<group>";
		};
		12EE3A872BF7E6AE00CAD2EE /* Coordinator */ = {
			isa = PBXGroup;
			children = (
				12EE3A812BF7E62800CAD2EE /* TabBarCoordinator.swift */,
				12EE3A832BF7E65200CAD2EE /* EpisodesTabCoordinator.swift */,
				12EE3A852BF7E68D00CAD2EE /* FavoriteTabCoordinator.swift */,
			);
			path = Coordinator;
			sourceTree = "<group>";
		};
		12EE3A8E2BFB6C5E00CAD2EE /* EpisodesScreen */ = {
			isa = PBXGroup;
			children = (
				121805462BFC19A200A605DD /* Cell */,
				12EE3A882BFB6C2F00CAD2EE /* EpisodesController.swift */,
				12EE3A8A2BFB6C4600CAD2EE /* EpisodesViewModel.swift */,
				12EE3A8C2BFB6C5900CAD2EE /* EpisodesAssembly.swift */,
			);
			path = EpisodesScreen;
			sourceTree = "<group>";
		};
/* End PBXGroup section */

/* Begin PBXNativeTarget section */
		12E038292BF69C670019401D /* RickAndMortyApp */ = {
			isa = PBXNativeTarget;
			buildConfigurationList = 12E0383E2BF69C6B0019401D /* Build configuration list for PBXNativeTarget "RickAndMortyApp" */;
			buildPhases = (
				12E038262BF69C670019401D /* Sources */,
				12E038272BF69C670019401D /* Frameworks */,
				12E038282BF69C670019401D /* Resources */,
			);
			buildRules = (
			);
			dependencies = (
			);
			name = RickAndMortyApp;
			productName = RickAndMortyApp;
			productReference = 12E0382A2BF69C670019401D /* RickAndMortyApp.app */;
			productType = "com.apple.product-type.application";
		};
/* End PBXNativeTarget section */

/* Begin PBXProject section */
		12E038222BF69C670019401D /* Project object */ = {
			isa = PBXProject;
			attributes = {
				BuildIndependentTargetsInParallel = 1;
				LastSwiftUpdateCheck = 1500;
				LastUpgradeCheck = 1500;
				TargetAttributes = {
					12E038292BF69C670019401D = {
						CreatedOnToolsVersion = 15.0;
					};
				};
			};
			buildConfigurationList = 12E038252BF69C670019401D /* Build configuration list for PBXProject "RickAndMortyApp" */;
			compatibilityVersion = "Xcode 14.0";
			developmentRegion = en;
			hasScannedForEncodings = 0;
			knownRegions = (
				en,
				Base,
			);
			mainGroup = 12E038212BF69C670019401D;
			productRefGroup = 12E0382B2BF69C670019401D /* Products */;
			projectDirPath = "";
			projectRoot = "";
			targets = (
				12E038292BF69C670019401D /* RickAndMortyApp */,
			);
		};
/* End PBXProject section */

/* Begin PBXResourcesBuildPhase section */
		12E038282BF69C670019401D /* Resources */ = {
			isa = PBXResourcesBuildPhase;
			buildActionMask = 2147483647;
			files = (
				12E0383A2BF69C6B0019401D /* LaunchScreen.storyboard in Resources */,
				12E038372BF69C6B0019401D /* Assets.xcassets in Resources */,
			);
			runOnlyForDeploymentPostprocessing = 0;
		};
/* End PBXResourcesBuildPhase section */

/* Begin PBXSourcesBuildPhase section */
		12E038262BF69C670019401D /* Sources */ = {
			isa = PBXSourcesBuildPhase;
			buildActionMask = 2147483647;
			files = (
				12EE3A7A2BF7BD4000CAD2EE /* HomeController.swift in Sources */,
				12EE3A8D2BFB6C5900CAD2EE /* EpisodesAssembly.swift in Sources */,
				12EE3A8B2BFB6C4600CAD2EE /* EpisodesViewModel.swift in Sources */,
				12B91DAD2BFC010200FAFF2B /* UITextField + leftImage.swift in Sources */,
				121805482BFC19CE00A605DD /* EpisodesCVCell.swift in Sources */,
				12EE3A892BFB6C2F00CAD2EE /* EpisodesController.swift in Sources */,
				12E038322BF69C670019401D /* SplashController.swift in Sources */,
				12EE3A7E2BF7E55200CAD2EE /* Coordinator.swift in Sources */,
				12EE3A822BF7E62800CAD2EE /* TabBarCoordinator.swift in Sources */,
				12E0382E2BF69C670019401D /* AppDelegate.swift in Sources */,
				12E038302BF69C670019401D /* SceneDelegate.swift in Sources */,
				12EE3A842BF7E65200CAD2EE /* EpisodesTabCoordinator.swift in Sources */,
				12EE3A802BF7E57200CAD2EE /* ApplicationCoordinator.swift in Sources */,
				12EE3A862BF7E68D00CAD2EE /* FavoriteTabCoordinator.swift in Sources */,
			);
			runOnlyForDeploymentPostprocessing = 0;
		};
/* End PBXSourcesBuildPhase section */

/* Begin PBXVariantGroup section */
		12E038382BF69C6B0019401D /* LaunchScreen.storyboard */ = {
			isa = PBXVariantGroup;
			children = (
				12E038392BF69C6B0019401D /* Base */,
			);
			name = LaunchScreen.storyboard;
			sourceTree = "<group>";
		};
/* End PBXVariantGroup section */

/* Begin XCBuildConfiguration section */
		12E0383C2BF69C6B0019401D /* Debug */ = {
			isa = XCBuildConfiguration;
			buildSettings = {
				ALWAYS_SEARCH_USER_PATHS = NO;
				ASSETCATALOG_COMPILER_GENERATE_SWIFT_ASSET_SYMBOL_EXTENSIONS = YES;
				CLANG_ANALYZER_NONNULL = YES;
				CLANG_ANALYZER_NUMBER_OBJECT_CONVERSION = YES_AGGRESSIVE;
				CLANG_CXX_LANGUAGE_STANDARD = "gnu++20";
				CLANG_ENABLE_MODULES = YES;
				CLANG_ENABLE_OBJC_ARC = YES;
				CLANG_ENABLE_OBJC_WEAK = YES;
				CLANG_WARN_BLOCK_CAPTURE_AUTORELEASING = YES;
				CLANG_WARN_BOOL_CONVERSION = YES;
				CLANG_WARN_COMMA = YES;
				CLANG_WARN_CONSTANT_CONVERSION = YES;
				CLANG_WARN_DEPRECATED_OBJC_IMPLEMENTATIONS = YES;
				CLANG_WARN_DIRECT_OBJC_ISA_USAGE = YES_ERROR;
				CLANG_WARN_DOCUMENTATION_COMMENTS = YES;
				CLANG_WARN_EMPTY_BODY = YES;
				CLANG_WARN_ENUM_CONVERSION = YES;
				CLANG_WARN_INFINITE_RECURSION = YES;
				CLANG_WARN_INT_CONVERSION = YES;
				CLANG_WARN_NON_LITERAL_NULL_CONVERSION = YES;
				CLANG_WARN_OBJC_IMPLICIT_RETAIN_SELF = YES;
				CLANG_WARN_OBJC_LITERAL_CONVERSION = YES;
				CLANG_WARN_OBJC_ROOT_CLASS = YES_ERROR;
				CLANG_WARN_QUOTED_INCLUDE_IN_FRAMEWORK_HEADER = YES;
				CLANG_WARN_RANGE_LOOP_ANALYSIS = YES;
				CLANG_WARN_STRICT_PROTOTYPES = YES;
				CLANG_WARN_SUSPICIOUS_MOVE = YES;
				CLANG_WARN_UNGUARDED_AVAILABILITY = YES_AGGRESSIVE;
				CLANG_WARN_UNREACHABLE_CODE = YES;
				CLANG_WARN__DUPLICATE_METHOD_MATCH = YES;
				COPY_PHASE_STRIP = NO;
				DEBUG_INFORMATION_FORMAT = dwarf;
				ENABLE_STRICT_OBJC_MSGSEND = YES;
				ENABLE_TESTABILITY = YES;
				ENABLE_USER_SCRIPT_SANDBOXING = YES;
				GCC_C_LANGUAGE_STANDARD = gnu17;
				GCC_DYNAMIC_NO_PIC = NO;
				GCC_NO_COMMON_BLOCKS = YES;
				GCC_OPTIMIZATION_LEVEL = 0;
				GCC_PREPROCESSOR_DEFINITIONS = (
					"DEBUG=1",
					"$(inherited)",
				);
				GCC_WARN_64_TO_32_BIT_CONVERSION = YES;
				GCC_WARN_ABOUT_RETURN_TYPE = YES_ERROR;
				GCC_WARN_UNDECLARED_SELECTOR = YES;
				GCC_WARN_UNINITIALIZED_AUTOS = YES_AGGRESSIVE;
				GCC_WARN_UNUSED_FUNCTION = YES;
				GCC_WARN_UNUSED_VARIABLE = YES;
				IPHONEOS_DEPLOYMENT_TARGET = 17.0;
				LOCALIZATION_PREFERS_STRING_CATALOGS = YES;
				MTL_ENABLE_DEBUG_INFO = INCLUDE_SOURCE;
				MTL_FAST_MATH = YES;
				ONLY_ACTIVE_ARCH = YES;
				SDKROOT = iphoneos;
				SWIFT_ACTIVE_COMPILATION_CONDITIONS = "DEBUG $(inherited)";
				SWIFT_OPTIMIZATION_LEVEL = "-Onone";
			};
			name = Debug;
		};
		12E0383D2BF69C6B0019401D /* Release */ = {
			isa = XCBuildConfiguration;
			buildSettings = {
				ALWAYS_SEARCH_USER_PATHS = NO;
				ASSETCATALOG_COMPILER_GENERATE_SWIFT_ASSET_SYMBOL_EXTENSIONS = YES;
				CLANG_ANALYZER_NONNULL = YES;
				CLANG_ANALYZER_NUMBER_OBJECT_CONVERSION = YES_AGGRESSIVE;
				CLANG_CXX_LANGUAGE_STANDARD = "gnu++20";
				CLANG_ENABLE_MODULES = YES;
				CLANG_ENABLE_OBJC_ARC = YES;
				CLANG_ENABLE_OBJC_WEAK = YES;
				CLANG_WARN_BLOCK_CAPTURE_AUTORELEASING = YES;
				CLANG_WARN_BOOL_CONVERSION = YES;
				CLANG_WARN_COMMA = YES;
				CLANG_WARN_CONSTANT_CONVERSION = YES;
				CLANG_WARN_DEPRECATED_OBJC_IMPLEMENTATIONS = YES;
				CLANG_WARN_DIRECT_OBJC_ISA_USAGE = YES_ERROR;
				CLANG_WARN_DOCUMENTATION_COMMENTS = YES;
				CLANG_WARN_EMPTY_BODY = YES;
				CLANG_WARN_ENUM_CONVERSION = YES;
				CLANG_WARN_INFINITE_RECURSION = YES;
				CLANG_WARN_INT_CONVERSION = YES;
				CLANG_WARN_NON_LITERAL_NULL_CONVERSION = YES;
				CLANG_WARN_OBJC_IMPLICIT_RETAIN_SELF = YES;
				CLANG_WARN_OBJC_LITERAL_CONVERSION = YES;
				CLANG_WARN_OBJC_ROOT_CLASS = YES_ERROR;
				CLANG_WARN_QUOTED_INCLUDE_IN_FRAMEWORK_HEADER = YES;
				CLANG_WARN_RANGE_LOOP_ANALYSIS = YES;
				CLANG_WARN_STRICT_PROTOTYPES = YES;
				CLANG_WARN_SUSPICIOUS_MOVE = YES;
				CLANG_WARN_UNGUARDED_AVAILABILITY = YES_AGGRESSIVE;
				CLANG_WARN_UNREACHABLE_CODE = YES;
				CLANG_WARN__DUPLICATE_METHOD_MATCH = YES;
				COPY_PHASE_STRIP = NO;
				DEBUG_INFORMATION_FORMAT = "dwarf-with-dsym";
				ENABLE_NS_ASSERTIONS = NO;
				ENABLE_STRICT_OBJC_MSGSEND = YES;
				ENABLE_USER_SCRIPT_SANDBOXING = YES;
				GCC_C_LANGUAGE_STANDARD = gnu17;
				GCC_NO_COMMON_BLOCKS = YES;
				GCC_WARN_64_TO_32_BIT_CONVERSION = YES;
				GCC_WARN_ABOUT_RETURN_TYPE = YES_ERROR;
				GCC_WARN_UNDECLARED_SELECTOR = YES;
				GCC_WARN_UNINITIALIZED_AUTOS = YES_AGGRESSIVE;
				GCC_WARN_UNUSED_FUNCTION = YES;
				GCC_WARN_UNUSED_VARIABLE = YES;
				IPHONEOS_DEPLOYMENT_TARGET = 17.0;
				LOCALIZATION_PREFERS_STRING_CATALOGS = YES;
				MTL_ENABLE_DEBUG_INFO = NO;
				MTL_FAST_MATH = YES;
				SDKROOT = iphoneos;
				SWIFT_COMPILATION_MODE = wholemodule;
				VALIDATE_PRODUCT = YES;
			};
			name = Release;
		};
		12E0383F2BF69C6B0019401D /* Debug */ = {
			isa = XCBuildConfiguration;
			buildSettings = {
				ASSETCATALOG_COMPILER_APPICON_NAME = AppIcon;
				ASSETCATALOG_COMPILER_GLOBAL_ACCENT_COLOR_NAME = AccentColor;
				CODE_SIGN_STYLE = Automatic;
				CURRENT_PROJECT_VERSION = 1;
				DEVELOPMENT_TEAM = CCCW4AN62Y;
				GENERATE_INFOPLIST_FILE = YES;
				INFOPLIST_FILE = RickAndMortyApp/Info.plist;
				INFOPLIST_KEY_UIApplicationSupportsIndirectInputEvents = YES;
				INFOPLIST_KEY_UILaunchStoryboardName = LaunchScreen;
				INFOPLIST_KEY_UISupportedInterfaceOrientations_iPad = "UIInterfaceOrientationPortrait UIInterfaceOrientationPortraitUpsideDown UIInterfaceOrientationLandscapeLeft UIInterfaceOrientationLandscapeRight";
				INFOPLIST_KEY_UISupportedInterfaceOrientations_iPhone = "UIInterfaceOrientationPortrait UIInterfaceOrientationLandscapeLeft UIInterfaceOrientationLandscapeRight";
				IPHONEOS_DEPLOYMENT_TARGET = 17.0;
				LD_RUNPATH_SEARCH_PATHS = (
					"$(inherited)",
					"@executable_path/Frameworks",
				);
				MARKETING_VERSION = 1.0;
				PRODUCT_BUNDLE_IDENTIFIER = com.halai.RickAndMortyApp;
				PRODUCT_NAME = "$(TARGET_NAME)";
				SWIFT_EMIT_LOC_STRINGS = YES;
				SWIFT_VERSION = 5.0;
				TARGETED_DEVICE_FAMILY = "1,2";
			};
			name = Debug;
		};
		12E038402BF69C6B0019401D /* Release */ = {
			isa = XCBuildConfiguration;
			buildSettings = {
				ASSETCATALOG_COMPILER_APPICON_NAME = AppIcon;
				ASSETCATALOG_COMPILER_GLOBAL_ACCENT_COLOR_NAME = AccentColor;
				CODE_SIGN_STYLE = Automatic;
				CURRENT_PROJECT_VERSION = 1;
				DEVELOPMENT_TEAM = CCCW4AN62Y;
				GENERATE_INFOPLIST_FILE = YES;
				INFOPLIST_FILE = RickAndMortyApp/Info.plist;
				INFOPLIST_KEY_UIApplicationSupportsIndirectInputEvents = YES;
				INFOPLIST_KEY_UILaunchStoryboardName = LaunchScreen;
				INFOPLIST_KEY_UISupportedInterfaceOrientations_iPad = "UIInterfaceOrientationPortrait UIInterfaceOrientationPortraitUpsideDown UIInterfaceOrientationLandscapeLeft UIInterfaceOrientationLandscapeRight";
				INFOPLIST_KEY_UISupportedInterfaceOrientations_iPhone = "UIInterfaceOrientationPortrait UIInterfaceOrientationLandscapeLeft UIInterfaceOrientationLandscapeRight";
				IPHONEOS_DEPLOYMENT_TARGET = 17.0;
				LD_RUNPATH_SEARCH_PATHS = (
					"$(inherited)",
					"@executable_path/Frameworks",
				);
				MARKETING_VERSION = 1.0;
				PRODUCT_BUNDLE_IDENTIFIER = com.halai.RickAndMortyApp;
				PRODUCT_NAME = "$(TARGET_NAME)";
				SWIFT_EMIT_LOC_STRINGS = YES;
				SWIFT_VERSION = 5.0;
				TARGETED_DEVICE_FAMILY = "1,2";
			};
			name = Release;
		};
/* End XCBuildConfiguration section */

/* Begin XCConfigurationList section */
		12E038252BF69C670019401D /* Build configuration list for PBXProject "RickAndMortyApp" */ = {
			isa = XCConfigurationList;
			buildConfigurations = (
				12E0383C2BF69C6B0019401D /* Debug */,
				12E0383D2BF69C6B0019401D /* Release */,
			);
			defaultConfigurationIsVisible = 0;
			defaultConfigurationName = Release;
		};
		12E0383E2BF69C6B0019401D /* Build configuration list for PBXNativeTarget "RickAndMortyApp" */ = {
			isa = XCConfigurationList;
			buildConfigurations = (
				12E0383F2BF69C6B0019401D /* Debug */,
				12E038402BF69C6B0019401D /* Release */,
			);
			defaultConfigurationIsVisible = 0;
			defaultConfigurationName = Release;
		};
/* End XCConfigurationList section */
	};
	rootObject = 12E038222BF69C670019401D /* Project object */;
}
